// !$*UTF8*$!
{
	archiveVersion = 1;
	classes = {
	};
	objectVersion = 48;
	objects = {

/* Begin PBXBuildFile section */
		034A35F220DA1D7800027B83 /* LoginViewProtocol.swift in Sources */ = {isa = PBXBuildFile; fileRef = 034A35F120DA1D7800027B83 /* LoginViewProtocol.swift */; };
		036D25B920BF0C3E000B77BE /* AppDelegate.swift in Sources */ = {isa = PBXBuildFile; fileRef = 036D25B820BF0C3E000B77BE /* AppDelegate.swift */; };
		036D25BB20BF0C3E000B77BE /* ViewController.swift in Sources */ = {isa = PBXBuildFile; fileRef = 036D25BA20BF0C3E000B77BE /* ViewController.swift */; };
		036D25BE20BF0C3E000B77BE /* Main.storyboard in Resources */ = {isa = PBXBuildFile; fileRef = 036D25BC20BF0C3E000B77BE /* Main.storyboard */; };
		036D25C020BF0C3E000B77BE /* Assets.xcassets in Resources */ = {isa = PBXBuildFile; fileRef = 036D25BF20BF0C3E000B77BE /* Assets.xcassets */; };
		036D25C320BF0C3E000B77BE /* LaunchScreen.storyboard in Resources */ = {isa = PBXBuildFile; fileRef = 036D25C120BF0C3E000B77BE /* LaunchScreen.storyboard */; };
		036D25CE20BF0C3F000B77BE /* UnitTestWithDelegatesTests.swift in Sources */ = {isa = PBXBuildFile; fileRef = 036D25CD20BF0C3F000B77BE /* UnitTestWithDelegatesTests.swift */; };
		036D25D920BF31CD000B77BE /* ResquetManagerFake.swift in Sources */ = {isa = PBXBuildFile; fileRef = 036D25D820BF31CD000B77BE /* ResquetManagerFake.swift */; };
		036D25DB20BF34B2000B77BE /* LoginManager.swift in Sources */ = {isa = PBXBuildFile; fileRef = 036D25DA20BF34B2000B77BE /* LoginManager.swift */; };
/* End PBXBuildFile section */

/* Begin PBXContainerItemProxy section */
		036D25CA20BF0C3F000B77BE /* PBXContainerItemProxy */ = {
			isa = PBXContainerItemProxy;
			containerPortal = 036D25AD20BF0C3E000B77BE /* Project object */;
			proxyType = 1;
			remoteGlobalIDString = 036D25B420BF0C3E000B77BE;
			remoteInfo = UnitTestWithDelegates;
		};
/* End PBXContainerItemProxy section */

/* Begin PBXFileReference section */
		034A35F120DA1D7800027B83 /* LoginViewProtocol.swift */ = {isa = PBXFileReference; lastKnownFileType = sourcecode.swift; path = LoginViewProtocol.swift; sourceTree = "<group>"; };
		036D25B520BF0C3E000B77BE /* UnitTestWithDelegates.app */ = {isa = PBXFileReference; explicitFileType = wrapper.application; includeInIndex = 0; path = UnitTestWithDelegates.app; sourceTree = BUILT_PRODUCTS_DIR; };
		036D25B820BF0C3E000B77BE /* AppDelegate.swift */ = {isa = PBXFileReference; lastKnownFileType = sourcecode.swift; path = AppDelegate.swift; sourceTree = "<group>"; };
		036D25BA20BF0C3E000B77BE /* ViewController.swift */ = {isa = PBXFileReference; lastKnownFileType = sourcecode.swift; path = ViewController.swift; sourceTree = "<group>"; };
		036D25BD20BF0C3E000B77BE /* Base */ = {isa = PBXFileReference; lastKnownFileType = file.storyboard; name = Base; path = Base.lproj/Main.storyboard; sourceTree = "<group>"; };
		036D25BF20BF0C3E000B77BE /* Assets.xcassets */ = {isa = PBXFileReference; lastKnownFileType = folder.assetcatalog; path = Assets.xcassets; sourceTree = "<group>"; };
		036D25C220BF0C3E000B77BE /* Base */ = {isa = PBXFileReference; lastKnownFileType = file.storyboard; name = Base; path = Base.lproj/LaunchScreen.storyboard; sourceTree = "<group>"; };
		036D25C420BF0C3E000B77BE /* Info.plist */ = {isa = PBXFileReference; lastKnownFileType = text.plist.xml; path = Info.plist; sourceTree = "<group>"; };
		036D25C920BF0C3F000B77BE /* UnitTestWithDelegatesTests.xctest */ = {isa = PBXFileReference; explicitFileType = wrapper.cfbundle; includeInIndex = 0; path = UnitTestWithDelegatesTests.xctest; sourceTree = BUILT_PRODUCTS_DIR; };
		036D25CD20BF0C3F000B77BE /* UnitTestWithDelegatesTests.swift */ = {isa = PBXFileReference; lastKnownFileType = sourcecode.swift; path = UnitTestWithDelegatesTests.swift; sourceTree = "<group>"; };
		036D25CF20BF0C3F000B77BE /* Info.plist */ = {isa = PBXFileReference; lastKnownFileType = text.plist.xml; path = Info.plist; sourceTree = "<group>"; };
		036D25D820BF31CD000B77BE /* ResquetManagerFake.swift */ = {isa = PBXFileReference; lastKnownFileType = sourcecode.swift; path = ResquetManagerFake.swift; sourceTree = "<group>"; };
		036D25DA20BF34B2000B77BE /* LoginManager.swift */ = {isa = PBXFileReference; lastKnownFileType = sourcecode.swift; path = LoginManager.swift; sourceTree = "<group>"; };
/* End PBXFileReference section */

/* Begin PBXFrameworksBuildPhase section */
		036D25B220BF0C3E000B77BE /* Frameworks */ = {
			isa = PBXFrameworksBuildPhase;
			buildActionMask = 2147483647;
			files = (
			);
			runOnlyForDeploymentPostprocessing = 0;
		};
		036D25C620BF0C3F000B77BE /* Frameworks */ = {
			isa = PBXFrameworksBuildPhase;
			buildActionMask = 2147483647;
			files = (
			);
			runOnlyForDeploymentPostprocessing = 0;
		};
/* End PBXFrameworksBuildPhase section */

/* Begin PBXGroup section */
		036D25AC20BF0C3E000B77BE = {
			isa = PBXGroup;
			children = (
				036D25B720BF0C3E000B77BE /* UnitTestWithDelegates */,
				036D25CC20BF0C3F000B77BE /* UnitTestWithDelegatesTests */,
				036D25B620BF0C3E000B77BE /* Products */,
			);
			sourceTree = "<group>";
		};
		036D25B620BF0C3E000B77BE /* Products */ = {
			isa = PBXGroup;
			children = (
				036D25B520BF0C3E000B77BE /* UnitTestWithDelegates.app */,
				036D25C920BF0C3F000B77BE /* UnitTestWithDelegatesTests.xctest */,
			);
			name = Products;
			sourceTree = "<group>";
		};
		036D25B720BF0C3E000B77BE /* UnitTestWithDelegates */ = {
			isa = PBXGroup;
			children = (
				036D25B820BF0C3E000B77BE /* AppDelegate.swift */,
				034A35F120DA1D7800027B83 /* LoginViewProtocol.swift */,
				036D25DA20BF34B2000B77BE /* LoginManager.swift */,
				036D25BA20BF0C3E000B77BE /* ViewController.swift */,
				036D25BC20BF0C3E000B77BE /* Main.storyboard */,
				036D25BF20BF0C3E000B77BE /* Assets.xcassets */,
				036D25C120BF0C3E000B77BE /* LaunchScreen.storyboard */,
				036D25C420BF0C3E000B77BE /* Info.plist */,
			);
			path = UnitTestWithDelegates;
			sourceTree = "<group>";
		};
		036D25CC20BF0C3F000B77BE /* UnitTestWithDelegatesTests */ = {
			isa = PBXGroup;
			children = (
				036D25D820BF31CD000B77BE /* ResquetManagerFake.swift */,
				036D25CD20BF0C3F000B77BE /* UnitTestWithDelegatesTests.swift */,
				036D25CF20BF0C3F000B77BE /* Info.plist */,
			);
			path = UnitTestWithDelegatesTests;
			sourceTree = "<group>";
		};
/* End PBXGroup section */

/* Begin PBXNativeTarget section */
		036D25B420BF0C3E000B77BE /* UnitTestWithDelegates */ = {
			isa = PBXNativeTarget;
			buildConfigurationList = 036D25D220BF0C3F000B77BE /* Build configuration list for PBXNativeTarget "UnitTestWithDelegates" */;
			buildPhases = (
				036D25B120BF0C3E000B77BE /* Sources */,
				036D25B220BF0C3E000B77BE /* Frameworks */,
				036D25B320BF0C3E000B77BE /* Resources */,
			);
			buildRules = (
			);
			dependencies = (
			);
			name = UnitTestWithDelegates;
			productName = UnitTestWithDelegates;
			productReference = 036D25B520BF0C3E000B77BE /* UnitTestWithDelegates.app */;
			productType = "com.apple.product-type.application";
		};
		036D25C820BF0C3F000B77BE /* UnitTestWithDelegatesTests */ = {
			isa = PBXNativeTarget;
			buildConfigurationList = 036D25D520BF0C3F000B77BE /* Build configuration list for PBXNativeTarget "UnitTestWithDelegatesTests" */;
			buildPhases = (
				036D25C520BF0C3F000B77BE /* Sources */,
				036D25C620BF0C3F000B77BE /* Frameworks */,
				036D25C720BF0C3F000B77BE /* Resources */,
			);
			buildRules = (
			);
			dependencies = (
				036D25CB20BF0C3F000B77BE /* PBXTargetDependency */,
			);
			name = UnitTestWithDelegatesTests;
			productName = UnitTestWithDelegatesTests;
			productReference = 036D25C920BF0C3F000B77BE /* UnitTestWithDelegatesTests.xctest */;
			productType = "com.apple.product-type.bundle.unit-test";
		};
/* End PBXNativeTarget section */

/* Begin PBXProject section */
		036D25AD20BF0C3E000B77BE /* Project object */ = {
			isa = PBXProject;
			attributes = {
				LastSwiftUpdateCheck = 0920;
				LastUpgradeCheck = 0920;
				ORGANIZATIONNAME = Thufik;
				TargetAttributes = {
					036D25B420BF0C3E000B77BE = {
						CreatedOnToolsVersion = 9.2;
						ProvisioningStyle = Automatic;
					};
					036D25C820BF0C3F000B77BE = {
						CreatedOnToolsVersion = 9.2;
						ProvisioningStyle = Automatic;
						TestTargetID = 036D25B420BF0C3E000B77BE;
					};
				};
			};
			buildConfigurationList = 036D25B020BF0C3E000B77BE /* Build configuration list for PBXProject "UnitTestWithDelegates" */;
			compatibilityVersion = "Xcode 8.0";
			developmentRegion = en;
			hasScannedForEncodings = 0;
			knownRegions = (
				en,
				Base,
			);
			mainGroup = 036D25AC20BF0C3E000B77BE;
			productRefGroup = 036D25B620BF0C3E000B77BE /* Products */;
			projectDirPath = "";
			projectRoot = "";
			targets = (
				036D25B420BF0C3E000B77BE /* UnitTestWithDelegates */,
				036D25C820BF0C3F000B77BE /* UnitTestWithDelegatesTests */,
			);
		};
/* End PBXProject section */

/* Begin PBXResourcesBuildPhase section */
		036D25B320BF0C3E000B77BE /* Resources */ = {
			isa = PBXResourcesBuildPhase;
			buildActionMask = 2147483647;
			files = (
				036D25C320BF0C3E000B77BE /* LaunchScreen.storyboard in Resources */,
				036D25C020BF0C3E000B77BE /* Assets.xcassets in Resources */,
				036D25BE20BF0C3E000B77BE /* Main.storyboard in Resources */,
			);
			runOnlyForDeploymentPostprocessing = 0;
		};
		036D25C720BF0C3F000B77BE /* Resources */ = {
			isa = PBXResourcesBuildPhase;
			buildActionMask = 2147483647;
			files = (
			);
			runOnlyForDeploymentPostprocessing = 0;
		};
/* End PBXResourcesBuildPhase section */

/* Begin PBXSourcesBuildPhase section */
		036D25B120BF0C3E000B77BE /* Sources */ = {
			isa = PBXSourcesBuildPhase;
			buildActionMask = 2147483647;
			files = (
				034A35F220DA1D7800027B83 /* LoginViewProtocol.swift in Sources */,
				036D25BB20BF0C3E000B77BE /* ViewController.swift in Sources */,
				036D25B920BF0C3E000B77BE /* AppDelegate.swift in Sources */,
				036D25DB20BF34B2000B77BE /* LoginManager.swift in Sources */,
			);
			runOnlyForDeploymentPostprocessing = 0;
		};
		036D25C520BF0C3F000B77BE /* Sources */ = {
			isa = PBXSourcesBuildPhase;
			buildActionMask = 2147483647;
			files = (
				036D25D920BF31CD000B77BE /* ResquetManagerFake.swift in Sources */,
				036D25CE20BF0C3F000B77BE /* UnitTestWithDelegatesTests.swift in Sources */,
			);
			runOnlyForDeploymentPostprocessing = 0;
		};
/* End PBXSourcesBuildPhase section */

/* Begin PBXTargetDependency section */
		036D25CB20BF0C3F000B77BE /* PBXTargetDependency */ = {
			isa = PBXTargetDependency;
			target = 036D25B420BF0C3E000B77BE /* UnitTestWithDelegates */;
			targetProxy = 036D25CA20BF0C3F000B77BE /* PBXContainerItemProxy */;
		};
/* End PBXTargetDependency section */

/* Begin PBXVariantGroup section */
		036D25BC20BF0C3E000B77BE /* Main.storyboard */ = {
			isa = PBXVariantGroup;
			children = (
				036D25BD20BF0C3E000B77BE /* Base */,
			);
			name = Main.storyboard;
			sourceTree = "<group>";
		};
		036D25C120BF0C3E000B77BE /* LaunchScreen.storyboard */ = {
			isa = PBXVariantGroup;
			children = (
				036D25C220BF0C3E000B77BE /* Base */,
			);
			name = LaunchScreen.storyboard;
			sourceTree = "<group>";
		};
/* End PBXVariantGroup section */

/* Begin XCBuildConfiguration section */
		036D25D020BF0C3F000B77BE /* Debug */ = {
			isa = XCBuildConfiguration;
			buildSettings = {
				ALWAYS_SEARCH_USER_PATHS = NO;
				CLANG_ANALYZER_NONNULL = YES;
				CLANG_ANALYZER_NUMBER_OBJECT_CONVERSION = YES_AGGRESSIVE;
				CLANG_CXX_LANGUAGE_STANDARD = "gnu++14";
				CLANG_CXX_LIBRARY = "libc++";
				CLANG_ENABLE_MODULES = YES;
				CLANG_ENABLE_OBJC_ARC = YES;
				CLANG_WARN_BLOCK_CAPTURE_AUTORELEASING = YES;
				CLANG_WARN_BOOL_CONVERSION = YES;
				CLANG_WARN_COMMA = YES;
				CLANG_WARN_CONSTANT_CONVERSION = YES;
				CLANG_WARN_DIRECT_OBJC_ISA_USAGE = YES_ERROR;
				CLANG_WARN_DOCUMENTATION_COMMENTS = YES;
				CLANG_WARN_EMPTY_BODY = YES;
				CLANG_WARN_ENUM_CONVERSION = YES;
				CLANG_WARN_INFINITE_RECURSION = YES;
				CLANG_WARN_INT_CONVERSION = YES;
				CLANG_WARN_NON_LITERAL_NULL_CONVERSION = YES;
				CLANG_WARN_OBJC_LITERAL_CONVERSION = YES;
				CLANG_WARN_OBJC_ROOT_CLASS = YES_ERROR;
				CLANG_WARN_RANGE_LOOP_ANALYSIS = YES;
				CLANG_WARN_STRICT_PROTOTYPES = YES;
				CLANG_WARN_SUSPICIOUS_MOVE = YES;
				CLANG_WARN_UNGUARDED_AVAILABILITY = YES_AGGRESSIVE;
				CLANG_WARN_UNREACHABLE_CODE = YES;
				CLANG_WARN__DUPLICATE_METHOD_MATCH = YES;
				CODE_SIGN_IDENTITY = "iPhone Developer";
				COPY_PHASE_STRIP = NO;
				DEBUG_INFORMATION_FORMAT = dwarf;
				ENABLE_STRICT_OBJC_MSGSEND = YES;
				ENABLE_TESTABILITY = YES;
				GCC_C_LANGUAGE_STANDARD = gnu11;
				GCC_DYNAMIC_NO_PIC = NO;
				GCC_NO_COMMON_BLOCKS = YES;
				GCC_OPTIMIZATION_LEVEL = 0;
				GCC_PREPROCESSOR_DEFINITIONS = (
					"DEBUG=1",
					"$(inherited)",
				);
				GCC_WARN_64_TO_32_BIT_CONVERSION = YES;
				GCC_WARN_ABOUT_RETURN_TYPE = YES_ERROR;
				GCC_WARN_UNDECLARED_SELECTOR = YES;
				GCC_WARN_UNINITIALIZED_AUTOS = YES_AGGRESSIVE;
				GCC_WARN_UNUSED_FUNCTION = YES;
				GCC_WARN_UNUSED_VARIABLE = YES;
				IPHONEOS_DEPLOYMENT_TARGET = 11.2;
				MTL_ENABLE_DEBUG_INFO = YES;
				ONLY_ACTIVE_ARCH = YES;
				SDKROOT = iphoneos;
				SWIFT_ACTIVE_COMPILATION_CONDITIONS = DEBUG;
				SWIFT_OPTIMIZATION_LEVEL = "-Onone";
			};
			name = Debug;
		};
		036D25D120BF0C3F000B77BE /* Release */ = {
			isa = XCBuildConfiguration;
			buildSettings = {
				ALWAYS_SEARCH_USER_PATHS = NO;
				CLANG_ANALYZER_NONNULL = YES;
				CLANG_ANALYZER_NUMBER_OBJECT_CONVERSION = YES_AGGRESSIVE;
				CLANG_CXX_LANGUAGE_STANDARD = "gnu++14";
				CLANG_CXX_LIBRARY = "libc++";
				CLANG_ENABLE_MODULES = YES;
				CLANG_ENABLE_OBJC_ARC = YES;
				CLANG_WARN_BLOCK_CAPTURE_AUTORELEASING = YES;
				CLANG_WARN_BOOL_CONVERSION = YES;
				CLANG_WARN_COMMA = YES;
				CLANG_WARN_CONSTANT_CONVERSION = YES;
				CLANG_WARN_DIRECT_OBJC_ISA_USAGE = YES_ERROR;
				CLANG_WARN_DOCUMENTATION_COMMENTS = YES;
				CLANG_WARN_EMPTY_BODY = YES;
				CLANG_WARN_ENUM_CONVERSION = YES;
				CLANG_WARN_INFINITE_RECURSION = YES;
				CLANG_WARN_INT_CONVERSION = YES;
				CLANG_WARN_NON_LITERAL_NULL_CONVERSION = YES;
				CLANG_WARN_OBJC_LITERAL_CONVERSION = YES;
				CLANG_WARN_OBJC_ROOT_CLASS = YES_ERROR;
				CLANG_WARN_RANGE_LOOP_ANALYSIS = YES;
				CLANG_WARN_STRICT_PROTOTYPES = YES;
				CLANG_WARN_SUSPICIOUS_MOVE = YES;
				CLANG_WARN_UNGUARDED_AVAILABILITY = YES_AGGRESSIVE;
				CLANG_WARN_UNREACHABLE_CODE = YES;
				CLANG_WARN__DUPLICATE_METHOD_MATCH = YES;
				CODE_SIGN_IDENTITY = "iPhone Developer";
				COPY_PHASE_STRIP = NO;
				DEBUG_INFORMATION_FORMAT = "dwarf-with-dsym";
				ENABLE_NS_ASSERTIONS = NO;
				ENABLE_STRICT_OBJC_MSGSEND = YES;
				GCC_C_LANGUAGE_STANDARD = gnu11;
				GCC_NO_COMMON_BLOCKS = YES;
				GCC_WARN_64_TO_32_BIT_CONVERSION = YES;
				GCC_WARN_ABOUT_RETURN_TYPE = YES_ERROR;
				GCC_WARN_UNDECLARED_SELECTOR = YES;
				GCC_WARN_UNINITIALIZED_AUTOS = YES_AGGRESSIVE;
				GCC_WARN_UNUSED_FUNCTION = YES;
				GCC_WARN_UNUSED_VARIABLE = YES;
				IPHONEOS_DEPLOYMENT_TARGET = 11.2;
				MTL_ENABLE_DEBUG_INFO = NO;
				SDKROOT = iphoneos;
				SWIFT_OPTIMIZATION_LEVEL = "-Owholemodule";
				VALIDATE_PRODUCT = YES;
			};
			name = Release;
		};
		036D25D320BF0C3F000B77BE /* Debug */ = {
			isa = XCBuildConfiguration;
			buildSettings = {
				ASSETCATALOG_COMPILER_APPICON_NAME = AppIcon;
				CODE_SIGN_STYLE = Automatic;
				DEVELOPMENT_TEAM = 2T9344DJMW;
				INFOPLIST_FILE = UnitTestWithDelegates/Info.plist;
				LD_RUNPATH_SEARCH_PATHS = "$(inherited) @executable_path/Frameworks";
				PRODUCT_BUNDLE_IDENTIFIER = Thufik.UnitTestWithDelegates;
				PRODUCT_NAME = "$(TARGET_NAME)";
				SWIFT_VERSION = 4.0;
				TARGETED_DEVICE_FAMILY = "1,2";
			};
			name = Debug;
		};
		036D25D420BF0C3F000B77BE /* Release */ = {
			isa = XCBuildConfiguration;
			buildSettings = {
				ASSETCATALOG_COMPILER_APPICON_NAME = AppIcon;
				CODE_SIGN_STYLE = Automatic;
				DEVELOPMENT_TEAM = 2T9344DJMW;
				INFOPLIST_FILE = UnitTestWithDelegates/Info.plist;
				LD_RUNPATH_SEARCH_PATHS = "$(inherited) @executable_path/Frameworks";
				PRODUCT_BUNDLE_IDENTIFIER = Thufik.UnitTestWithDelegates;
				PRODUCT_NAME = "$(TARGET_NAME)";
				SWIFT_VERSION = 4.0;
				TARGETED_DEVICE_FAMILY = "1,2";
			};
			name = Release;
		};
		036D25D620BF0C3F000B77BE /* Debug */ = {
			isa = XCBuildConfiguration;
			buildSettings = {
				ALWAYS_EMBED_SWIFT_STANDARD_LIBRARIES = YES;
				BUNDLE_LOADER = "$(TEST_HOST)";
				CODE_SIGN_STYLE = Automatic;
				DEVELOPMENT_TEAM = 2T9344DJMW;
				INFOPLIST_FILE = UnitTestWithDelegatesTests/Info.plist;
				LD_RUNPATH_SEARCH_PATHS = "$(inherited) @executable_path/Frameworks @loader_path/Frameworks";
				PRODUCT_BUNDLE_IDENTIFIER = Thufik.UnitTestWithDelegatesTests;
				PRODUCT_NAME = "$(TARGET_NAME)";
				SWIFT_VERSION = 4.0;
				TARGETED_DEVICE_FAMILY = "1,2";
				TEST_HOST = "$(BUILT_PRODUCTS_DIR)/UnitTestWithDelegates.app/UnitTestWithDelegates";
			};
			name = Debug;
		};
		036D25D720BF0C3F000B77BE /* Release */ = {
			isa = XCBuildConfiguration;
			buildSettings = {
				ALWAYS_EMBED_SWIFT_STANDARD_LIBRARIES = YES;
				BUNDLE_LOADER = "$(TEST_HOST)";
				CODE_SIGN_STYLE = Automatic;
				DEVELOPMENT_TEAM = 2T9344DJMW;
				INFOPLIST_FILE = UnitTestWithDelegatesTests/Info.plist;
				LD_RUNPATH_SEARCH_PATHS = "$(inherited) @executable_path/Frameworks @loader_path/Frameworks";
				PRODUCT_BUNDLE_IDENTIFIER = Thufik.UnitTestWithDelegatesTests;
				PRODUCT_NAME = "$(TARGET_NAME)";
				SWIFT_VERSION = 4.0;
				TARGETED_DEVICE_FAMILY = "1,2";
				TEST_HOST = "$(BUILT_PRODUCTS_DIR)/UnitTestWithDelegates.app/UnitTestWithDelegates";
			};
			name = Release;
		};
/* End XCBuildConfiguration section */

/* Begin XCConfigurationList section */
		036D25B020BF0C3E000B77BE /* Build configuration list for PBXProject "UnitTestWithDelegates" */ = {
			isa = XCConfigurationList;
			buildConfigurations = (
				036D25D020BF0C3F000B77BE /* Debug */,
				036D25D120BF0C3F000B77BE /* Release */,
			);
			defaultConfigurationIsVisible = 0;
			defaultConfigurationName = Release;
		};
		036D25D220BF0C3F000B77BE /* Build configuration list for PBXNativeTarget "UnitTestWithDelegates" */ = {
			isa = XCConfigurationList;
			buildConfigurations = (
				036D25D320BF0C3F000B77BE /* Debug */,
				036D25D420BF0C3F000B77BE /* Release */,
			);
			defaultConfigurationIsVisible = 0;
			defaultConfigurationName = Release;
		};
		036D25D520BF0C3F000B77BE /* Build configuration list for PBXNativeTarget "UnitTestWithDelegatesTests" */ = {
			isa = XCConfigurationList;
			buildConfigurations = (
				036D25D620BF0C3F000B77BE /* Debug */,
				036D25D720BF0C3F000B77BE /* Release */,
			);
			defaultConfigurationIsVisible = 0;
			defaultConfigurationName = Release;
		};
/* End XCConfigurationList section */
	};
	rootObject = 036D25AD20BF0C3E000B77BE /* Project object */;
}
